
Microsoft Visual Studio Solution File, Format Version 12.00
# Visual Studio Version 17
VisualStudioVersion = 17.2.32505.173
MinimumVisualStudioVersion = 10.0.40219.1
Project("{FAE04EC0-301F-11D3-BF4B-00C04F79EFBC}") = "AreYouSleeping", "AreYouSleeping\AreYouSleeping.csproj", "{285F6467-9FB0-468F-87BD-56A0E39C08B2}"
EndProject
Global
	GlobalSection(SolutionConfigurationPlatforms) = preSolution
		Debug|Any CPU = Debug|Any CPU
		Release|Any CPU = Release|Any CPU
	EndGlobalSection
	GlobalSection(ProjectConfigurationPlatforms) = postSolution
		{285F6467-9FB0-468F-87BD-56A0E39C08B2}.Debug|Any CPU.ActiveCfg = Debug|Any CPU
		{285F6467-9FB0-468F-87BD-56A0E39C08B2}.Debug|Any CPU.Build.0 = Debug|Any CPU
		{285F6467-9FB0-468F-87BD-56A0E39C08B2}.Release|Any CPU.ActiveCfg = Release|Any CPU
		{285F6467-9FB0-468F-87BD-56A0E39C08B2}.Release|Any CPU.Build.0 = Release|Any CPU
	EndGlobalSection
	GlobalSection(SolutionProperties) = preSolution
		HideSolutionNode = FALSE
	EndGlobalSection
	GlobalSection(ExtensibilityGlobals) = postSolution
		SolutionGuid = {DBB4B0B6-541D-4B3D-82E8-974FF7737A8E}
	EndGlobalSection
EndGlobal
